
Microsoft Visual Studio Solution File, Format Version 12.00
# Visual Studio Version 17
VisualStudioVersion = 17.7.34024.191
MinimumVisualStudioVersion = 10.0.40219.1
Project("{FAE04EC0-301F-11D3-BF4B-00C04F79EFBC}") = "SummaryTable", "SummaryTable\SummaryTable.csproj", "{563A76B9-F899-4C85-966F-0E5BD9BF80D8}"
EndProject
Global
	GlobalSection(SolutionConfigurationPlatforms) = preSolution
		Debug|Any CPU = Debug|Any CPU
		Release|Any CPU = Release|Any CPU
	EndGlobalSection
	GlobalSection(ProjectConfigurationPlatforms) = postSolution
		{563A76B9-F899-4C85-966F-0E5BD9BF80D8}.Debug|Any CPU.ActiveCfg = Debug|Any CPU
		{563A76B9-F899-4C85-966F-0E5BD9BF80D8}.Debug|Any CPU.Build.0 = Debug|Any CPU
		{563A76B9-F899-4C85-966F-0E5BD9BF80D8}.Release|Any CPU.ActiveCfg = Release|Any CPU
		{563A76B9-F899-4C85-966F-0E5BD9BF80D8}.Release|Any CPU.Build.0 = Release|Any CPU
	EndGlobalSection
	GlobalSection(SolutionProperties) = preSolution
		HideSolutionNode = FALSE
	EndGlobalSection
	GlobalSection(ExtensibilityGlobals) = postSolution
		SolutionGuid = {60D9DAF4-B9F7-4837-A332-D5F8E2523011}
	EndGlobalSection
EndGlobal
